
Microsoft Visual Studio Solution File, Format Version 12.00
Project("{FAE04EC0-301F-11D3-BF4B-00C04F79EFBC}") = "PureES.Core", "PureES.Core\PureES.Core.csproj", "{438EDB72-978F-4BBE-9814-E2A54DE26ADE}"
EndProject
Project("{FAE04EC0-301F-11D3-BF4B-00C04F79EFBC}") = "PureES.Core.Tests", "PureES.Core.Tests\PureES.Core.Tests.csproj", "{46B06EAB-3610-4EE1-99A7-DA1C3EE3E4C8}"
EndProject
Project("{FAE04EC0-301F-11D3-BF4B-00C04F79EFBC}") = "PureES.Core.Abstractions", "PureES.Core.Abstractions\PureES.Core.Abstractions.csproj", "{DCAF34D4-C5FD-425D-88F9-59DF34E6F6E7}"
EndProject
Global
	GlobalSection(SolutionConfigurationPlatforms) = preSolution
		Debug|Any CPU = Debug|Any CPU
		Release|Any CPU = Release|Any CPU
	EndGlobalSection
	GlobalSection(ProjectConfigurationPlatforms) = postSolution
		{438EDB72-978F-4BBE-9814-E2A54DE26ADE}.Debug|Any CPU.ActiveCfg = Debug|Any CPU
		{438EDB72-978F-4BBE-9814-E2A54DE26ADE}.Debug|Any CPU.Build.0 = Debug|Any CPU
		{438EDB72-978F-4BBE-9814-E2A54DE26ADE}.Release|Any CPU.ActiveCfg = Release|Any CPU
		{438EDB72-978F-4BBE-9814-E2A54DE26ADE}.Release|Any CPU.Build.0 = Release|Any CPU
		{46B06EAB-3610-4EE1-99A7-DA1C3EE3E4C8}.Debug|Any CPU.ActiveCfg = Debug|Any CPU
		{46B06EAB-3610-4EE1-99A7-DA1C3EE3E4C8}.Debug|Any CPU.Build.0 = Debug|Any CPU
		{46B06EAB-3610-4EE1-99A7-DA1C3EE3E4C8}.Release|Any CPU.ActiveCfg = Release|Any CPU
		{46B06EAB-3610-4EE1-99A7-DA1C3EE3E4C8}.Release|Any CPU.Build.0 = Release|Any CPU
		{DCAF34D4-C5FD-425D-88F9-59DF34E6F6E7}.Debug|Any CPU.ActiveCfg = Debug|Any CPU
		{DCAF34D4-C5FD-425D-88F9-59DF34E6F6E7}.Debug|Any CPU.Build.0 = Debug|Any CPU
		{DCAF34D4-C5FD-425D-88F9-59DF34E6F6E7}.Release|Any CPU.ActiveCfg = Release|Any CPU
		{DCAF34D4-C5FD-425D-88F9-59DF34E6F6E7}.Release|Any CPU.Build.0 = Release|Any CPU
	EndGlobalSection
EndGlobal
