
Microsoft Visual Studio Solution File, Format Version 12.00
Project("{FAE04EC0-301F-11D3-BF4B-00C04F79EFBC}") = "PureES.Core", "Core\PureES.Core\PureES.Core.csproj", "{438EDB72-978F-4BBE-9814-E2A54DE26ADE}"
EndProject
Project("{FAE04EC0-301F-11D3-BF4B-00C04F79EFBC}") = "PureES.Core.Tests", "Core\PureES.Core.Tests\PureES.Core.Tests.csproj", "{46B06EAB-3610-4EE1-99A7-DA1C3EE3E4C8}"
EndProject
Project("{FAE04EC0-301F-11D3-BF4B-00C04F79EFBC}") = "PureES.Core.Abstractions", "Core\PureES.Core.Abstractions\PureES.Core.Abstractions.csproj", "{DCAF34D4-C5FD-425D-88F9-59DF34E6F6E7}"
EndProject
Project("{2150E333-8FDC-42A3-9474-1A3956D46DE8}") = "Core", "Core", "{4F003FAA-0133-4856-905A-58FE2F125C34}"
EndProject
Project("{2150E333-8FDC-42A3-9474-1A3956D46DE8}") = "Extensions", "Extensions", "{35250D5D-7D91-426C-B525-0AFA38167BEB}"
EndProject
Project("{FAE04EC0-301F-11D3-BF4B-00C04F79EFBC}") = "PureES.RavenDB", "Extensions\PureES.RavenDB\PureES.RavenDB.csproj", "{AE569305-1413-41FE-BD2A-14701096C56B}"
EndProject
Project("{FAE04EC0-301F-11D3-BF4B-00C04F79EFBC}") = "PureES.EventStoreDB", "Extensions\PureES.EventStoreDB\PureES.EventStoreDB.csproj", "{523E2617-A101-4AB7-88D3-298530419136}"
EndProject
Project("{FAE04EC0-301F-11D3-BF4B-00C04F79EFBC}") = "PureES.EventStore.Tests", "Extensions\PureES.EventStore.Tests\PureES.EventStore.Tests.csproj", "{1EF2C7A6-0D67-4306-9079-00E268E79184}"
EndProject
Project("{FAE04EC0-301F-11D3-BF4B-00C04F79EFBC}") = "PureES.EventBus", "Extensions\PureES.EventBus\PureES.EventBus.csproj", "{46C0983F-FEF8-4D55-8C7E-90F32ED6BCA4}"
EndProject
Global
	GlobalSection(SolutionConfigurationPlatforms) = preSolution
		Debug|Any CPU = Debug|Any CPU
		Release|Any CPU = Release|Any CPU
	EndGlobalSection
	GlobalSection(ProjectConfigurationPlatforms) = postSolution
		{438EDB72-978F-4BBE-9814-E2A54DE26ADE}.Debug|Any CPU.ActiveCfg = Debug|Any CPU
		{438EDB72-978F-4BBE-9814-E2A54DE26ADE}.Debug|Any CPU.Build.0 = Debug|Any CPU
		{438EDB72-978F-4BBE-9814-E2A54DE26ADE}.Release|Any CPU.ActiveCfg = Release|Any CPU
		{438EDB72-978F-4BBE-9814-E2A54DE26ADE}.Release|Any CPU.Build.0 = Release|Any CPU
		{46B06EAB-3610-4EE1-99A7-DA1C3EE3E4C8}.Debug|Any CPU.ActiveCfg = Debug|Any CPU
		{46B06EAB-3610-4EE1-99A7-DA1C3EE3E4C8}.Debug|Any CPU.Build.0 = Debug|Any CPU
		{46B06EAB-3610-4EE1-99A7-DA1C3EE3E4C8}.Release|Any CPU.ActiveCfg = Release|Any CPU
		{46B06EAB-3610-4EE1-99A7-DA1C3EE3E4C8}.Release|Any CPU.Build.0 = Release|Any CPU
		{DCAF34D4-C5FD-425D-88F9-59DF34E6F6E7}.Debug|Any CPU.ActiveCfg = Debug|Any CPU
		{DCAF34D4-C5FD-425D-88F9-59DF34E6F6E7}.Debug|Any CPU.Build.0 = Debug|Any CPU
		{DCAF34D4-C5FD-425D-88F9-59DF34E6F6E7}.Release|Any CPU.ActiveCfg = Release|Any CPU
		{DCAF34D4-C5FD-425D-88F9-59DF34E6F6E7}.Release|Any CPU.Build.0 = Release|Any CPU
		{AE569305-1413-41FE-BD2A-14701096C56B}.Debug|Any CPU.ActiveCfg = Debug|Any CPU
		{AE569305-1413-41FE-BD2A-14701096C56B}.Debug|Any CPU.Build.0 = Debug|Any CPU
		{AE569305-1413-41FE-BD2A-14701096C56B}.Release|Any CPU.ActiveCfg = Release|Any CPU
		{AE569305-1413-41FE-BD2A-14701096C56B}.Release|Any CPU.Build.0 = Release|Any CPU
		{523E2617-A101-4AB7-88D3-298530419136}.Debug|Any CPU.ActiveCfg = Debug|Any CPU
		{523E2617-A101-4AB7-88D3-298530419136}.Debug|Any CPU.Build.0 = Debug|Any CPU
		{523E2617-A101-4AB7-88D3-298530419136}.Release|Any CPU.ActiveCfg = Release|Any CPU
		{523E2617-A101-4AB7-88D3-298530419136}.Release|Any CPU.Build.0 = Release|Any CPU
		{1EF2C7A6-0D67-4306-9079-00E268E79184}.Debug|Any CPU.ActiveCfg = Debug|Any CPU
		{1EF2C7A6-0D67-4306-9079-00E268E79184}.Debug|Any CPU.Build.0 = Debug|Any CPU
		{1EF2C7A6-0D67-4306-9079-00E268E79184}.Release|Any CPU.ActiveCfg = Release|Any CPU
		{1EF2C7A6-0D67-4306-9079-00E268E79184}.Release|Any CPU.Build.0 = Release|Any CPU
		{46C0983F-FEF8-4D55-8C7E-90F32ED6BCA4}.Debug|Any CPU.ActiveCfg = Debug|Any CPU
		{46C0983F-FEF8-4D55-8C7E-90F32ED6BCA4}.Debug|Any CPU.Build.0 = Debug|Any CPU
		{46C0983F-FEF8-4D55-8C7E-90F32ED6BCA4}.Release|Any CPU.ActiveCfg = Release|Any CPU
		{46C0983F-FEF8-4D55-8C7E-90F32ED6BCA4}.Release|Any CPU.Build.0 = Release|Any CPU
	EndGlobalSection
	GlobalSection(NestedProjects) = preSolution
		{438EDB72-978F-4BBE-9814-E2A54DE26ADE} = {4F003FAA-0133-4856-905A-58FE2F125C34}
		{DCAF34D4-C5FD-425D-88F9-59DF34E6F6E7} = {4F003FAA-0133-4856-905A-58FE2F125C34}
		{46B06EAB-3610-4EE1-99A7-DA1C3EE3E4C8} = {4F003FAA-0133-4856-905A-58FE2F125C34}
		{AE569305-1413-41FE-BD2A-14701096C56B} = {35250D5D-7D91-426C-B525-0AFA38167BEB}
		{523E2617-A101-4AB7-88D3-298530419136} = {35250D5D-7D91-426C-B525-0AFA38167BEB}
		{1EF2C7A6-0D67-4306-9079-00E268E79184} = {35250D5D-7D91-426C-B525-0AFA38167BEB}
		{46C0983F-FEF8-4D55-8C7E-90F32ED6BCA4} = {35250D5D-7D91-426C-B525-0AFA38167BEB}
	EndGlobalSection
EndGlobal
