
Microsoft Visual Studio Solution File, Format Version 12.00
Project("{FAE04EC0-301F-11D3-BF4B-00C04F79EFBC}") = "PureES.Core", "Core\PureES.Core\PureES.Core.csproj", "{438EDB72-978F-4BBE-9814-E2A54DE26ADE}"
EndProject
Project("{FAE04EC0-301F-11D3-BF4B-00C04F79EFBC}") = "PureES.Core.Tests", "Core\PureES.Core.Tests\PureES.Core.Tests.csproj", "{46B06EAB-3610-4EE1-99A7-DA1C3EE3E4C8}"
EndProject
Project("{2150E333-8FDC-42A3-9474-1A3956D46DE8}") = "Core", "Core", "{4F003FAA-0133-4856-905A-58FE2F125C34}"
EndProject
Project("{FAE04EC0-301F-11D3-BF4B-00C04F79EFBC}") = "PureES.EventStores.Tests", "EventStores\PureES.EventStores.Tests\PureES.EventStores.Tests.csproj", "{1EF2C7A6-0D67-4306-9079-00E268E79184}"
EndProject
Project("{FAE04EC0-301F-11D3-BF4B-00C04F79EFBC}") = "PureES.EventBus", "EventBus\PureES.EventBus\PureES.EventBus.csproj", "{46C0983F-FEF8-4D55-8C7E-90F32ED6BCA4}"
EndProject
Project("{FAE04EC0-301F-11D3-BF4B-00C04F79EFBC}") = "PureES.EventStore.InMemory", "EventStores\PureES.EventStore.InMemory\PureES.EventStore.InMemory.csproj", "{0EC7A9C9-44F0-4B1F-B582-0C3AA9B84881}"
EndProject
Project("{FAE04EC0-301F-11D3-BF4B-00C04F79EFBC}") = "PureES.EventBus.Tests", "EventBus\PureES.EventBus.Tests\PureES.EventBus.Tests.csproj", "{71A1BF59-DFA7-4066-81EE-BDAB6B4A3124}"
EndProject
Project("{2150E333-8FDC-42A3-9474-1A3956D46DE8}") = "EventBus", "EventBus", "{713092F0-76C3-44D7-868B-EADA09FFB717}"
EndProject
Project("{2150E333-8FDC-42A3-9474-1A3956D46DE8}") = "EventStores", "EventStores", "{ABE2AC9E-5E1C-4D7C-88C6-1676C15B5C1A}"
EndProject
Project("{FAE04EC0-301F-11D3-BF4B-00C04F79EFBC}") = "PureES.EventStores.Marten", "EventStores\PureES.EventStores.Marten\PureES.EventStores.Marten.csproj", "{F31702F6-B7B0-4FE9-A057-05171C16922A}"
EndProject
Project("{FAE04EC0-301F-11D3-BF4B-00C04F79EFBC}") = "PureES.Core.SourceGenerators", "Core\PureES.Core.SourceGenerators\PureES.Core.SourceGenerators.csproj", "{7C40A945-9E91-42B1-94B9-8CFE1C638DE8}"
EndProject
Project("{FAE04EC0-301F-11D3-BF4B-00C04F79EFBC}") = "PureES.EventStores.CosmosDB", "EventStores\PureES.EventStores.CosmosDB\PureES.EventStores.CosmosDB.csproj", "{19F955F2-B698-4BB7-A101-1617C665F701}"
EndProject
Global
	GlobalSection(SolutionConfigurationPlatforms) = preSolution
		Debug|Any CPU = Debug|Any CPU
		Release|Any CPU = Release|Any CPU
	EndGlobalSection
	GlobalSection(ProjectConfigurationPlatforms) = postSolution
		{438EDB72-978F-4BBE-9814-E2A54DE26ADE}.Debug|Any CPU.ActiveCfg = Debug|Any CPU
		{438EDB72-978F-4BBE-9814-E2A54DE26ADE}.Debug|Any CPU.Build.0 = Debug|Any CPU
		{438EDB72-978F-4BBE-9814-E2A54DE26ADE}.Release|Any CPU.ActiveCfg = Release|Any CPU
		{438EDB72-978F-4BBE-9814-E2A54DE26ADE}.Release|Any CPU.Build.0 = Release|Any CPU
		{46B06EAB-3610-4EE1-99A7-DA1C3EE3E4C8}.Debug|Any CPU.ActiveCfg = Debug|Any CPU
		{46B06EAB-3610-4EE1-99A7-DA1C3EE3E4C8}.Debug|Any CPU.Build.0 = Debug|Any CPU
		{46B06EAB-3610-4EE1-99A7-DA1C3EE3E4C8}.Release|Any CPU.ActiveCfg = Release|Any CPU
		{46B06EAB-3610-4EE1-99A7-DA1C3EE3E4C8}.Release|Any CPU.Build.0 = Release|Any CPU
		{1EF2C7A6-0D67-4306-9079-00E268E79184}.Debug|Any CPU.ActiveCfg = Debug|Any CPU
		{1EF2C7A6-0D67-4306-9079-00E268E79184}.Debug|Any CPU.Build.0 = Debug|Any CPU
		{1EF2C7A6-0D67-4306-9079-00E268E79184}.Release|Any CPU.ActiveCfg = Release|Any CPU
		{1EF2C7A6-0D67-4306-9079-00E268E79184}.Release|Any CPU.Build.0 = Release|Any CPU
		{46C0983F-FEF8-4D55-8C7E-90F32ED6BCA4}.Debug|Any CPU.ActiveCfg = Debug|Any CPU
		{46C0983F-FEF8-4D55-8C7E-90F32ED6BCA4}.Debug|Any CPU.Build.0 = Debug|Any CPU
		{46C0983F-FEF8-4D55-8C7E-90F32ED6BCA4}.Release|Any CPU.ActiveCfg = Release|Any CPU
		{46C0983F-FEF8-4D55-8C7E-90F32ED6BCA4}.Release|Any CPU.Build.0 = Release|Any CPU
		{0EC7A9C9-44F0-4B1F-B582-0C3AA9B84881}.Debug|Any CPU.ActiveCfg = Debug|Any CPU
		{0EC7A9C9-44F0-4B1F-B582-0C3AA9B84881}.Debug|Any CPU.Build.0 = Debug|Any CPU
		{0EC7A9C9-44F0-4B1F-B582-0C3AA9B84881}.Release|Any CPU.ActiveCfg = Release|Any CPU
		{0EC7A9C9-44F0-4B1F-B582-0C3AA9B84881}.Release|Any CPU.Build.0 = Release|Any CPU
		{71A1BF59-DFA7-4066-81EE-BDAB6B4A3124}.Debug|Any CPU.ActiveCfg = Debug|Any CPU
		{71A1BF59-DFA7-4066-81EE-BDAB6B4A3124}.Debug|Any CPU.Build.0 = Debug|Any CPU
		{71A1BF59-DFA7-4066-81EE-BDAB6B4A3124}.Release|Any CPU.ActiveCfg = Release|Any CPU
		{71A1BF59-DFA7-4066-81EE-BDAB6B4A3124}.Release|Any CPU.Build.0 = Release|Any CPU
		{F31702F6-B7B0-4FE9-A057-05171C16922A}.Debug|Any CPU.ActiveCfg = Debug|Any CPU
		{F31702F6-B7B0-4FE9-A057-05171C16922A}.Debug|Any CPU.Build.0 = Debug|Any CPU
		{F31702F6-B7B0-4FE9-A057-05171C16922A}.Release|Any CPU.ActiveCfg = Release|Any CPU
		{F31702F6-B7B0-4FE9-A057-05171C16922A}.Release|Any CPU.Build.0 = Release|Any CPU
		{7C40A945-9E91-42B1-94B9-8CFE1C638DE8}.Debug|Any CPU.ActiveCfg = Debug|Any CPU
		{7C40A945-9E91-42B1-94B9-8CFE1C638DE8}.Debug|Any CPU.Build.0 = Debug|Any CPU
		{7C40A945-9E91-42B1-94B9-8CFE1C638DE8}.Release|Any CPU.ActiveCfg = Release|Any CPU
		{7C40A945-9E91-42B1-94B9-8CFE1C638DE8}.Release|Any CPU.Build.0 = Release|Any CPU
		{19F955F2-B698-4BB7-A101-1617C665F701}.Debug|Any CPU.ActiveCfg = Debug|Any CPU
		{19F955F2-B698-4BB7-A101-1617C665F701}.Debug|Any CPU.Build.0 = Debug|Any CPU
		{19F955F2-B698-4BB7-A101-1617C665F701}.Release|Any CPU.ActiveCfg = Release|Any CPU
		{19F955F2-B698-4BB7-A101-1617C665F701}.Release|Any CPU.Build.0 = Release|Any CPU
	EndGlobalSection
	GlobalSection(NestedProjects) = preSolution
		{438EDB72-978F-4BBE-9814-E2A54DE26ADE} = {4F003FAA-0133-4856-905A-58FE2F125C34}
		{46B06EAB-3610-4EE1-99A7-DA1C3EE3E4C8} = {4F003FAA-0133-4856-905A-58FE2F125C34}
		{46C0983F-FEF8-4D55-8C7E-90F32ED6BCA4} = {713092F0-76C3-44D7-868B-EADA09FFB717}
		{71A1BF59-DFA7-4066-81EE-BDAB6B4A3124} = {713092F0-76C3-44D7-868B-EADA09FFB717}
		{0EC7A9C9-44F0-4B1F-B582-0C3AA9B84881} = {ABE2AC9E-5E1C-4D7C-88C6-1676C15B5C1A}
		{1EF2C7A6-0D67-4306-9079-00E268E79184} = {ABE2AC9E-5E1C-4D7C-88C6-1676C15B5C1A}
		{F31702F6-B7B0-4FE9-A057-05171C16922A} = {ABE2AC9E-5E1C-4D7C-88C6-1676C15B5C1A}
		{7C40A945-9E91-42B1-94B9-8CFE1C638DE8} = {4F003FAA-0133-4856-905A-58FE2F125C34}
		{19F955F2-B698-4BB7-A101-1617C665F701} = {ABE2AC9E-5E1C-4D7C-88C6-1676C15B5C1A}
	EndGlobalSection
EndGlobal
